// !$*UTF8*$!
{
	archiveVersion = 1;
	classes = {
	};
	objectVersion = 46;
	objects = {

/* Begin PBXBuildFile section */
		3806F9791EF031A50070B103 /* AppDelegate.swift in Sources */ = {isa = PBXBuildFile; fileRef = 3806F9781EF031A50070B103 /* AppDelegate.swift */; };
		3806F9801EF031A50070B103 /* Main.storyboard in Resources */ = {isa = PBXBuildFile; fileRef = 3806F97E1EF031A50070B103 /* Main.storyboard */; };
		3806F9821EF031A50070B103 /* Assets.xcassets in Resources */ = {isa = PBXBuildFile; fileRef = 3806F9811EF031A50070B103 /* Assets.xcassets */; };
		3806F9851EF031A50070B103 /* LaunchScreen.storyboard in Resources */ = {isa = PBXBuildFile; fileRef = 3806F9831EF031A50070B103 /* LaunchScreen.storyboard */; };
		3806F9901EF031A50070B103 /* OsirisTests.swift in Sources */ = {isa = PBXBuildFile; fileRef = 3806F98F1EF031A50070B103 /* OsirisTests.swift */; };
		3806F99B1EF031A50070B103 /* OsirisUITests.swift in Sources */ = {isa = PBXBuildFile; fileRef = 3806F99A1EF031A50070B103 /* OsirisUITests.swift */; };
		3806F9AE1EF032470070B103 /* Osiris.xcdatamodeld in Sources */ = {isa = PBXBuildFile; fileRef = 3806F9AC1EF032470070B103 /* Osiris.xcdatamodeld */; };
		38233C281EF837F80000DEC1 /* KVDetailViewController.swift in Sources */ = {isa = PBXBuildFile; fileRef = 38233C221EF837F80000DEC1 /* KVDetailViewController.swift */; };
		38233C291EF837F80000DEC1 /* KVPrimeTVController.swift in Sources */ = {isa = PBXBuildFile; fileRef = 38233C231EF837F80000DEC1 /* KVPrimeTVController.swift */; };
		38233C301EF83B9C0000DEC1 /* MapKit.framework in Frameworks */ = {isa = PBXBuildFile; fileRef = 38233C2F1EF83B9C0000DEC1 /* MapKit.framework */; };
		38233C321EF83BA40000DEC1 /* HealthKit.framework in Frameworks */ = {isa = PBXBuildFile; fileRef = 38233C311EF83BA40000DEC1 /* HealthKit.framework */; };
		38233C341EF83BAB0000DEC1 /* HealthKitUI.framework in Frameworks */ = {isa = PBXBuildFile; fileRef = 38233C331EF83BAB0000DEC1 /* HealthKitUI.framework */; };
		38233C361EF83BB60000DEC1 /* CoreData.framework in Frameworks */ = {isa = PBXBuildFile; fileRef = 38233C351EF83BB60000DEC1 /* CoreData.framework */; };
		38233C381EF83BC00000DEC1 /* CoreLocation.framework in Frameworks */ = {isa = PBXBuildFile; fileRef = 38233C371EF83BC00000DEC1 /* CoreLocation.framework */; };
		38233C3A1EF83C250000DEC1 /* KVAbstractDataController.swift in Sources */ = {isa = PBXBuildFile; fileRef = 38233C391EF83C250000DEC1 /* KVAbstractDataController.swift */; };
		38233C3C1EF83CC20000DEC1 /* KVOsirisDataController.swift in Sources */ = {isa = PBXBuildFile; fileRef = 38233C3B1EF83CC20000DEC1 /* KVOsirisDataController.swift */; };
		38441FCF1F1144AA00197FE4 /* KVBasicCustomCell.swift in Sources */ = {isa = PBXBuildFile; fileRef = 38441FCD1F1144AA00197FE4 /* KVBasicCustomCell.swift */; };
		38441FD01F1144AA00197FE4 /* KVRatingView.swift in Sources */ = {isa = PBXBuildFile; fileRef = 38441FCE1F1144AA00197FE4 /* KVRatingView.swift */; };
		38441FD21F13EC1000197FE4 /* KVLicenseViewController.swift in Sources */ = {isa = PBXBuildFile; fileRef = 38441FD11F13EC1000197FE4 /* KVLicenseViewController.swift */; };
		387DEE721F1E82FD00578AE3 /* KVPersonDetailViewController.swift in Sources */ = {isa = PBXBuildFile; fileRef = 387DEE711F1E82FD00578AE3 /* KVPersonDetailViewController.swift */; };
		387DEE741F1E831D00578AE3 /* KVSessionDetailViewController.swift in Sources */ = {isa = PBXBuildFile; fileRef = 387DEE731F1E831D00578AE3 /* KVSessionDetailViewController.swift */; };
		387DEE761F1E837800578AE3 /* KVVendorDetailViewController.swift in Sources */ = {isa = PBXBuildFile; fileRef = 387DEE751F1E837800578AE3 /* KVVendorDetailViewController.swift */; };
		38AFEF701F10BF5000FC52CE /* KVSessionDataController.swift in Sources */ = {isa = PBXBuildFile; fileRef = 38AFEF6F1F10BF5000FC52CE /* KVSessionDataController.swift */; };
		38C744751F290D6900955A2B /* KVMapTableViewCell.swift in Sources */ = {isa = PBXBuildFile; fileRef = 38C744741F290D6900955A2B /* KVMapTableViewCell.swift */; };
		38DFA19A1EF9A51C00954CCF /* KVVendorDataController.swift in Sources */ = {isa = PBXBuildFile; fileRef = 38DFA1991EF9A51C00954CCF /* KVVendorDataController.swift */; };
		38DFA19C1EF9A53400954CCF /* KVPersonDataController.swift in Sources */ = {isa = PBXBuildFile; fileRef = 38DFA19B1EF9A53400954CCF /* KVPersonDataController.swift */; };
		38F5DA5C1EF982AA0062CDD5 /* KVEntityDataController.swift in Sources */ = {isa = PBXBuildFile; fileRef = 38F5DA5B1EF982AA0062CDD5 /* KVEntityDataController.swift */; };
		38F5DA5E1EF982CC0062CDD5 /* KVItemDataController.swift in Sources */ = {isa = PBXBuildFile; fileRef = 38F5DA5D1EF982CC0062CDD5 /* KVItemDataController.swift */; };
/* End PBXBuildFile section */

/* Begin PBXContainerItemProxy section */
		3806F98C1EF031A50070B103 /* PBXContainerItemProxy */ = {
			isa = PBXContainerItemProxy;
			containerPortal = 3806F96D1EF031A50070B103 /* Project object */;
			proxyType = 1;
			remoteGlobalIDString = 3806F9741EF031A50070B103;
			remoteInfo = Osiris;
		};
		3806F9971EF031A50070B103 /* PBXContainerItemProxy */ = {
			isa = PBXContainerItemProxy;
			containerPortal = 3806F96D1EF031A50070B103 /* Project object */;
			proxyType = 1;
			remoteGlobalIDString = 3806F9741EF031A50070B103;
			remoteInfo = Osiris;
		};
/* End PBXContainerItemProxy section */

/* Begin PBXFileReference section */
		3806F9751EF031A50070B103 /* Osiris.app */ = {isa = PBXFileReference; explicitFileType = wrapper.application; includeInIndex = 0; path = Osiris.app; sourceTree = BUILT_PRODUCTS_DIR; };
		3806F9781EF031A50070B103 /* AppDelegate.swift */ = {isa = PBXFileReference; lastKnownFileType = sourcecode.swift; path = AppDelegate.swift; sourceTree = "<group>"; };
		3806F97F1EF031A50070B103 /* Base */ = {isa = PBXFileReference; lastKnownFileType = file.storyboard; name = Base; path = Base.lproj/Main.storyboard; sourceTree = "<group>"; };
		3806F9811EF031A50070B103 /* Assets.xcassets */ = {isa = PBXFileReference; lastKnownFileType = folder.assetcatalog; path = Assets.xcassets; sourceTree = "<group>"; };
		3806F9841EF031A50070B103 /* Base */ = {isa = PBXFileReference; lastKnownFileType = file.storyboard; name = Base; path = Base.lproj/LaunchScreen.storyboard; sourceTree = "<group>"; };
		3806F9861EF031A50070B103 /* Info.plist */ = {isa = PBXFileReference; lastKnownFileType = text.plist.xml; path = Info.plist; sourceTree = "<group>"; };
		3806F98B1EF031A50070B103 /* OsirisTests.xctest */ = {isa = PBXFileReference; explicitFileType = wrapper.cfbundle; includeInIndex = 0; path = OsirisTests.xctest; sourceTree = BUILT_PRODUCTS_DIR; };
		3806F98F1EF031A50070B103 /* OsirisTests.swift */ = {isa = PBXFileReference; lastKnownFileType = sourcecode.swift; path = OsirisTests.swift; sourceTree = "<group>"; };
		3806F9911EF031A50070B103 /* Info.plist */ = {isa = PBXFileReference; lastKnownFileType = text.plist.xml; path = Info.plist; sourceTree = "<group>"; };
		3806F9961EF031A50070B103 /* OsirisUITests.xctest */ = {isa = PBXFileReference; explicitFileType = wrapper.cfbundle; includeInIndex = 0; path = OsirisUITests.xctest; sourceTree = BUILT_PRODUCTS_DIR; };
		3806F99A1EF031A50070B103 /* OsirisUITests.swift */ = {isa = PBXFileReference; lastKnownFileType = sourcecode.swift; path = OsirisUITests.swift; sourceTree = "<group>"; };
		3806F99C1EF031A50070B103 /* Info.plist */ = {isa = PBXFileReference; lastKnownFileType = text.plist.xml; path = Info.plist; sourceTree = "<group>"; };
		3806F9AD1EF032470070B103 /* Osiris.xcdatamodel */ = {isa = PBXFileReference; lastKnownFileType = wrapper.xcdatamodel; path = Osiris.xcdatamodel; sourceTree = "<group>"; };
		38233C221EF837F80000DEC1 /* KVDetailViewController.swift */ = {isa = PBXFileReference; fileEncoding = 4; lastKnownFileType = sourcecode.swift; path = KVDetailViewController.swift; sourceTree = "<group>"; };
		38233C231EF837F80000DEC1 /* KVPrimeTVController.swift */ = {isa = PBXFileReference; fileEncoding = 4; lastKnownFileType = sourcecode.swift; path = KVPrimeTVController.swift; sourceTree = "<group>"; };
		38233C2F1EF83B9C0000DEC1 /* MapKit.framework */ = {isa = PBXFileReference; lastKnownFileType = wrapper.framework; name = MapKit.framework; path = System/Library/Frameworks/MapKit.framework; sourceTree = SDKROOT; };
		38233C311EF83BA40000DEC1 /* HealthKit.framework */ = {isa = PBXFileReference; lastKnownFileType = wrapper.framework; name = HealthKit.framework; path = System/Library/Frameworks/HealthKit.framework; sourceTree = SDKROOT; };
		38233C331EF83BAB0000DEC1 /* HealthKitUI.framework */ = {isa = PBXFileReference; lastKnownFileType = wrapper.framework; name = HealthKitUI.framework; path = System/Library/Frameworks/HealthKitUI.framework; sourceTree = SDKROOT; };
		38233C351EF83BB60000DEC1 /* CoreData.framework */ = {isa = PBXFileReference; lastKnownFileType = wrapper.framework; name = CoreData.framework; path = System/Library/Frameworks/CoreData.framework; sourceTree = SDKROOT; };
		38233C371EF83BC00000DEC1 /* CoreLocation.framework */ = {isa = PBXFileReference; lastKnownFileType = wrapper.framework; name = CoreLocation.framework; path = System/Library/Frameworks/CoreLocation.framework; sourceTree = SDKROOT; };
		38233C391EF83C250000DEC1 /* KVAbstractDataController.swift */ = {isa = PBXFileReference; fileEncoding = 4; lastKnownFileType = sourcecode.swift; path = KVAbstractDataController.swift; sourceTree = "<group>"; };
		38233C3B1EF83CC20000DEC1 /* KVOsirisDataController.swift */ = {isa = PBXFileReference; fileEncoding = 4; lastKnownFileType = sourcecode.swift; path = KVOsirisDataController.swift; sourceTree = "<group>"; };
		38441FCD1F1144AA00197FE4 /* KVBasicCustomCell.swift */ = {isa = PBXFileReference; fileEncoding = 4; lastKnownFileType = sourcecode.swift; path = KVBasicCustomCell.swift; sourceTree = "<group>"; };
		38441FCE1F1144AA00197FE4 /* KVRatingView.swift */ = {isa = PBXFileReference; fileEncoding = 4; lastKnownFileType = sourcecode.swift; path = KVRatingView.swift; sourceTree = "<group>"; };
		38441FD11F13EC1000197FE4 /* KVLicenseViewController.swift */ = {isa = PBXFileReference; fileEncoding = 4; lastKnownFileType = sourcecode.swift; path = KVLicenseViewController.swift; sourceTree = "<group>"; };
		387DEE711F1E82FD00578AE3 /* KVPersonDetailViewController.swift */ = {isa = PBXFileReference; fileEncoding = 4; lastKnownFileType = sourcecode.swift; name = KVPersonDetailViewController.swift; path = EditorViews/KVPersonDetailViewController.swift; sourceTree = "<group>"; };
		387DEE731F1E831D00578AE3 /* KVSessionDetailViewController.swift */ = {isa = PBXFileReference; fileEncoding = 4; lastKnownFileType = sourcecode.swift; name = KVSessionDetailViewController.swift; path = EditorViews/KVSessionDetailViewController.swift; sourceTree = "<group>"; };
		387DEE751F1E837800578AE3 /* KVVendorDetailViewController.swift */ = {isa = PBXFileReference; fileEncoding = 4; lastKnownFileType = sourcecode.swift; name = KVVendorDetailViewController.swift; path = EditorViews/KVVendorDetailViewController.swift; sourceTree = "<group>"; };
		38AFEF6F1F10BF5000FC52CE /* KVSessionDataController.swift */ = {isa = PBXFileReference; fileEncoding = 4; lastKnownFileType = sourcecode.swift; name = KVSessionDataController.swift; path = Concrete/Items/Sessions/KVSessionDataController.swift; sourceTree = "<group>"; };
		38C744741F290D6900955A2B /* KVMapTableViewCell.swift */ = {isa = PBXFileReference; fileEncoding = 4; lastKnownFileType = sourcecode.swift; name = KVMapTableViewCell.swift; path = MapViewTableCell/KVMapTableViewCell.swift; sourceTree = "<group>"; };
		38DFA1991EF9A51C00954CCF /* KVVendorDataController.swift */ = {isa = PBXFileReference; fileEncoding = 4; lastKnownFileType = sourcecode.swift; name = KVVendorDataController.swift; path = Concrete/Entities/KVVendorDataController.swift; sourceTree = "<group>"; };
		38DFA19B1EF9A53400954CCF /* KVPersonDataController.swift */ = {isa = PBXFileReference; fileEncoding = 4; lastKnownFileType = sourcecode.swift; name = KVPersonDataController.swift; path = Concrete/Entities/KVPersonDataController.swift; sourceTree = "<group>"; };
		38F5DA5B1EF982AA0062CDD5 /* KVEntityDataController.swift */ = {isa = PBXFileReference; fileEncoding = 4; lastKnownFileType = sourcecode.swift; path = KVEntityDataController.swift; sourceTree = "<group>"; };
		38F5DA5D1EF982CC0062CDD5 /* KVItemDataController.swift */ = {isa = PBXFileReference; fileEncoding = 4; lastKnownFileType = sourcecode.swift; path = KVItemDataController.swift; sourceTree = "<group>"; };
/* End PBXFileReference section */

/* Begin PBXFrameworksBuildPhase section */
		3806F9721EF031A50070B103 /* Frameworks */ = {
			isa = PBXFrameworksBuildPhase;
			buildActionMask = 2147483647;
			files = (
				38233C381EF83BC00000DEC1 /* CoreLocation.framework in Frameworks */,
				38233C361EF83BB60000DEC1 /* CoreData.framework in Frameworks */,
				38233C341EF83BAB0000DEC1 /* HealthKitUI.framework in Frameworks */,
				38233C321EF83BA40000DEC1 /* HealthKit.framework in Frameworks */,
				38233C301EF83B9C0000DEC1 /* MapKit.framework in Frameworks */,
			);
			runOnlyForDeploymentPostprocessing = 0;
		};
		3806F9881EF031A50070B103 /* Frameworks */ = {
			isa = PBXFrameworksBuildPhase;
			buildActionMask = 2147483647;
			files = (
			);
			runOnlyForDeploymentPostprocessing = 0;
		};
		3806F9931EF031A50070B103 /* Frameworks */ = {
			isa = PBXFrameworksBuildPhase;
			buildActionMask = 2147483647;
			files = (
			);
			runOnlyForDeploymentPostprocessing = 0;
		};
/* End PBXFrameworksBuildPhase section */

/* Begin PBXGroup section */
		3806F96C1EF031A50070B103 = {
			isa = PBXGroup;
			children = (
				3806F9771EF031A50070B103 /* Osiris */,
				3806F98E1EF031A50070B103 /* OsirisTests */,
				3806F9991EF031A50070B103 /* OsirisUITests */,
				3806F9761EF031A50070B103 /* Products */,
				38233C2E1EF83B9C0000DEC1 /* Frameworks */,
			);
			sourceTree = "<group>";
		};
		3806F9761EF031A50070B103 /* Products */ = {
			isa = PBXGroup;
			children = (
				3806F9751EF031A50070B103 /* Osiris.app */,
				3806F98B1EF031A50070B103 /* OsirisTests.xctest */,
				3806F9961EF031A50070B103 /* OsirisUITests.xctest */,
			);
			name = Products;
			sourceTree = "<group>";
		};
		3806F9771EF031A50070B103 /* Osiris */ = {
			isa = PBXGroup;
			children = (
				38233C1E1EF837F80000DEC1 /* ViewControllers */,
				3806F9AA1EF031ED0070B103 /* Data */,
				3806F9A91EF031C70070B103 /* GUI */,
				3806F9A81EF031B50070B103 /* AppSupport */,
			);
			path = Osiris;
			sourceTree = "<group>";
		};
		3806F98E1EF031A50070B103 /* OsirisTests */ = {
			isa = PBXGroup;
			children = (
				3806F98F1EF031A50070B103 /* OsirisTests.swift */,
				3806F9911EF031A50070B103 /* Info.plist */,
			);
			path = OsirisTests;
			sourceTree = "<group>";
		};
		3806F9991EF031A50070B103 /* OsirisUITests */ = {
			isa = PBXGroup;
			children = (
				3806F99A1EF031A50070B103 /* OsirisUITests.swift */,
				3806F99C1EF031A50070B103 /* Info.plist */,
			);
			path = OsirisUITests;
			sourceTree = "<group>";
		};
		3806F9A81EF031B50070B103 /* AppSupport */ = {
			isa = PBXGroup;
			children = (
				3806F9781EF031A50070B103 /* AppDelegate.swift */,
				3806F9811EF031A50070B103 /* Assets.xcassets */,
				3806F9861EF031A50070B103 /* Info.plist */,
			);
			name = AppSupport;
			sourceTree = "<group>";
		};
		3806F9A91EF031C70070B103 /* GUI */ = {
			isa = PBXGroup;
			children = (
				3806F97E1EF031A50070B103 /* Main.storyboard */,
				3806F9831EF031A50070B103 /* LaunchScreen.storyboard */,
			);
			name = GUI;
			sourceTree = "<group>";
		};
		3806F9AA1EF031ED0070B103 /* Data */ = {
			isa = PBXGroup;
			children = (
				38233C2A1EF83A3C0000DEC1 /* Controllers */,
				3806F9AB1EF031F40070B103 /* Model */,
			);
			name = Data;
			sourceTree = "<group>";
		};
		3806F9AB1EF031F40070B103 /* Model */ = {
			isa = PBXGroup;
			children = (
				3806F9AC1EF032470070B103 /* Osiris.xcdatamodeld */,
			);
			name = Model;
			sourceTree = "<group>";
		};
		38233C1E1EF837F80000DEC1 /* ViewControllers */ = {
			isa = PBXGroup;
			children = (
				38233C211EF837F80000DEC1 /* TopLevel */,
				387DEE6E1F1E821E00578AE3 /* EditorViews */,
				38233C1F1EF837F80000DEC1 /* SetupScreens */,
				38233C241EF837F80000DEC1 /* ViewObjects */,
			);
			path = ViewControllers;
			sourceTree = "<group>";
		};
		38233C1F1EF837F80000DEC1 /* SetupScreens */ = {
			isa = PBXGroup;
			children = (
				38233C201EF837F80000DEC1 /* EULA */,
			);
			path = SetupScreens;
			sourceTree = "<group>";
		};
		38233C201EF837F80000DEC1 /* EULA */ = {
			isa = PBXGroup;
			children = (
				38441FD11F13EC1000197FE4 /* KVLicenseViewController.swift */,
			);
			path = EULA;
			sourceTree = "<group>";
		};
		38233C211EF837F80000DEC1 /* TopLevel */ = {
			isa = PBXGroup;
			children = (
				38233C221EF837F80000DEC1 /* KVDetailViewController.swift */,
				38233C231EF837F80000DEC1 /* KVPrimeTVController.swift */,
			);
			path = TopLevel;
			sourceTree = "<group>";
		};
		38233C241EF837F80000DEC1 /* ViewObjects */ = {
			isa = PBXGroup;
			children = (
				38233C251EF837F80000DEC1 /* ImageView */,
				38233C261EF837F80000DEC1 /* MapView */,
				38233C271EF837F80000DEC1 /* TableCell */,
			);
			path = ViewObjects;
			sourceTree = "<group>";
		};
		38233C251EF837F80000DEC1 /* ImageView */ = {
			isa = PBXGroup;
			children = (
			);
			path = ImageView;
			sourceTree = "<group>";
		};
		38233C261EF837F80000DEC1 /* MapView */ = {
			isa = PBXGroup;
			children = (
				38C744731F290B5B00955A2B /* MapTableCell */,
			);
			path = MapView;
			sourceTree = "<group>";
		};
		38233C271EF837F80000DEC1 /* TableCell */ = {
			isa = PBXGroup;
			children = (
				38441FCD1F1144AA00197FE4 /* KVBasicCustomCell.swift */,
				38441FCE1F1144AA00197FE4 /* KVRatingView.swift */,
			);
			path = TableCell;
			sourceTree = "<group>";
		};
		38233C2A1EF83A3C0000DEC1 /* Controllers */ = {
			isa = PBXGroup;
			children = (
				38233C2B1EF83A3C0000DEC1 /* Abstract */,
				38DFA1961EF9A40100954CCF /* Concrete */,
			);
			name = Controllers;
			path = Data/Controllers;
			sourceTree = "<group>";
		};
		38233C2B1EF83A3C0000DEC1 /* Abstract */ = {
			isa = PBXGroup;
			children = (
				38233C391EF83C250000DEC1 /* KVAbstractDataController.swift */,
				38233C3B1EF83CC20000DEC1 /* KVOsirisDataController.swift */,
				38F5DA5B1EF982AA0062CDD5 /* KVEntityDataController.swift */,
				38F5DA5D1EF982CC0062CDD5 /* KVItemDataController.swift */,
			);
			path = Abstract;
			sourceTree = "<group>";
		};
		38233C2E1EF83B9C0000DEC1 /* Frameworks */ = {
			isa = PBXGroup;
			children = (
				38233C371EF83BC00000DEC1 /* CoreLocation.framework */,
				38233C351EF83BB60000DEC1 /* CoreData.framework */,
				38233C331EF83BAB0000DEC1 /* HealthKitUI.framework */,
				38233C311EF83BA40000DEC1 /* HealthKit.framework */,
				38233C2F1EF83B9C0000DEC1 /* MapKit.framework */,
			);
			name = Frameworks;
			sourceTree = "<group>";
		};
		387DEE6E1F1E821E00578AE3 /* EditorViews */ = {
			isa = PBXGroup;
			children = (
				387DEE711F1E82FD00578AE3 /* KVPersonDetailViewController.swift */,
				387DEE731F1E831D00578AE3 /* KVSessionDetailViewController.swift */,
				387DEE751F1E837800578AE3 /* KVVendorDetailViewController.swift */,
			);
			name = EditorViews;
			sourceTree = "<group>";
		};
		38C744731F290B5B00955A2B /* MapTableCell */ = {
			isa = PBXGroup;
			children = (
				38C744741F290D6900955A2B /* KVMapTableViewCell.swift */,
			);
			name = MapTableCell;
			sourceTree = "<group>";
		};
		38DFA1961EF9A40100954CCF /* Concrete */ = {
			isa = PBXGroup;
			children = (
				38DFA1981EF9A4AC00954CCF /* Entities */,
				38DFA1971EF9A49300954CCF /* Items */,
			);
			name = Concrete;
			sourceTree = "<group>";
		};
		38DFA1971EF9A49300954CCF /* Items */ = {
			isa = PBXGroup;
			children = (
				38AFEF6F1F10BF5000FC52CE /* KVSessionDataController.swift */,
			);
			name = Items;
			sourceTree = "<group>";
		};
		38DFA1981EF9A4AC00954CCF /* Entities */ = {
			isa = PBXGroup;
			children = (
				38DFA1991EF9A51C00954CCF /* KVVendorDataController.swift */,
				38DFA19B1EF9A53400954CCF /* KVPersonDataController.swift */,
			);
			name = Entities;
			sourceTree = "<group>";
		};
/* End PBXGroup section */

/* Begin PBXNativeTarget section */
		3806F9741EF031A50070B103 /* Osiris */ = {
			isa = PBXNativeTarget;
			buildConfigurationList = 3806F99F1EF031A50070B103 /* Build configuration list for PBXNativeTarget "Osiris" */;
			buildPhases = (
				3806F9711EF031A50070B103 /* Sources */,
				3806F9721EF031A50070B103 /* Frameworks */,
				3806F9731EF031A50070B103 /* Resources */,
			);
			buildRules = (
			);
			dependencies = (
			);
			name = Osiris;
			productName = Osiris;
			productReference = 3806F9751EF031A50070B103 /* Osiris.app */;
			productType = "com.apple.product-type.application";
		};
		3806F98A1EF031A50070B103 /* OsirisTests */ = {
			isa = PBXNativeTarget;
			buildConfigurationList = 3806F9A21EF031A50070B103 /* Build configuration list for PBXNativeTarget "OsirisTests" */;
			buildPhases = (
				3806F9871EF031A50070B103 /* Sources */,
				3806F9881EF031A50070B103 /* Frameworks */,
				3806F9891EF031A50070B103 /* Resources */,
			);
			buildRules = (
			);
			dependencies = (
				3806F98D1EF031A50070B103 /* PBXTargetDependency */,
			);
			name = OsirisTests;
			productName = OsirisTests;
			productReference = 3806F98B1EF031A50070B103 /* OsirisTests.xctest */;
			productType = "com.apple.product-type.bundle.unit-test";
		};
		3806F9951EF031A50070B103 /* OsirisUITests */ = {
			isa = PBXNativeTarget;
			buildConfigurationList = 3806F9A51EF031A50070B103 /* Build configuration list for PBXNativeTarget "OsirisUITests" */;
			buildPhases = (
				3806F9921EF031A50070B103 /* Sources */,
				3806F9931EF031A50070B103 /* Frameworks */,
				3806F9941EF031A50070B103 /* Resources */,
			);
			buildRules = (
			);
			dependencies = (
				3806F9981EF031A50070B103 /* PBXTargetDependency */,
			);
			name = OsirisUITests;
			productName = OsirisUITests;
			productReference = 3806F9961EF031A50070B103 /* OsirisUITests.xctest */;
			productType = "com.apple.product-type.bundle.ui-testing";
		};
/* End PBXNativeTarget section */

/* Begin PBXProject section */
		3806F96D1EF031A50070B103 /* Project object */ = {
			isa = PBXProject;
			attributes = {
				CLASSPREFIX = KV;
				LastSwiftUpdateCheck = 0830;
				LastUpgradeCheck = 0830;
				ORGANIZATIONNAME = dubian;
				TargetAttributes = {
					3806F9741EF031A50070B103 = {
						CreatedOnToolsVersion = 8.3.3;
						DevelopmentTeam = LQ75G5YK98;
						ProvisioningStyle = Automatic;
					};
					3806F98A1EF031A50070B103 = {
						CreatedOnToolsVersion = 8.3.3;
						DevelopmentTeam = LQ75G5YK98;
						ProvisioningStyle = Automatic;
						TestTargetID = 3806F9741EF031A50070B103;
					};
					3806F9951EF031A50070B103 = {
						CreatedOnToolsVersion = 8.3.3;
						DevelopmentTeam = LQ75G5YK98;
						ProvisioningStyle = Automatic;
						TestTargetID = 3806F9741EF031A50070B103;
					};
				};
			};
			buildConfigurationList = 3806F9701EF031A50070B103 /* Build configuration list for PBXProject "Osiris" */;
			compatibilityVersion = "Xcode 3.2";
			developmentRegion = English;
			hasScannedForEncodings = 0;
			knownRegions = (
				en,
				Base,
			);
			mainGroup = 3806F96C1EF031A50070B103;
			productRefGroup = 3806F9761EF031A50070B103 /* Products */;
			projectDirPath = "";
			projectRoot = "";
			targets = (
				3806F9741EF031A50070B103 /* Osiris */,
				3806F98A1EF031A50070B103 /* OsirisTests */,
				3806F9951EF031A50070B103 /* OsirisUITests */,
			);
		};
/* End PBXProject section */

/* Begin PBXResourcesBuildPhase section */
		3806F9731EF031A50070B103 /* Resources */ = {
			isa = PBXResourcesBuildPhase;
			buildActionMask = 2147483647;
			files = (
				3806F9851EF031A50070B103 /* LaunchScreen.storyboard in Resources */,
				3806F9821EF031A50070B103 /* Assets.xcassets in Resources */,
				3806F9801EF031A50070B103 /* Main.storyboard in Resources */,
			);
			runOnlyForDeploymentPostprocessing = 0;
		};
		3806F9891EF031A50070B103 /* Resources */ = {
			isa = PBXResourcesBuildPhase;
			buildActionMask = 2147483647;
			files = (
			);
			runOnlyForDeploymentPostprocessing = 0;
		};
		3806F9941EF031A50070B103 /* Resources */ = {
			isa = PBXResourcesBuildPhase;
			buildActionMask = 2147483647;
			files = (
			);
			runOnlyForDeploymentPostprocessing = 0;
		};
/* End PBXResourcesBuildPhase section */

/* Begin PBXSourcesBuildPhase section */
		3806F9711EF031A50070B103 /* Sources */ = {
			isa = PBXSourcesBuildPhase;
			buildActionMask = 2147483647;
			files = (
				38441FCF1F1144AA00197FE4 /* KVBasicCustomCell.swift in Sources */,
				38C744751F290D6900955A2B /* KVMapTableViewCell.swift in Sources */,
				38233C291EF837F80000DEC1 /* KVPrimeTVController.swift in Sources */,
				38F5DA5C1EF982AA0062CDD5 /* KVEntityDataController.swift in Sources */,
				3806F9AE1EF032470070B103 /* Osiris.xcdatamodeld in Sources */,
				38F5DA5E1EF982CC0062CDD5 /* KVItemDataController.swift in Sources */,
				38441FD21F13EC1000197FE4 /* KVLicenseViewController.swift in Sources */,
				3806F9791EF031A50070B103 /* AppDelegate.swift in Sources */,
				38AFEF701F10BF5000FC52CE /* KVSessionDataController.swift in Sources */,
				38441FD01F1144AA00197FE4 /* KVRatingView.swift in Sources */,
				38DFA19C1EF9A53400954CCF /* KVPersonDataController.swift in Sources */,
				38233C3C1EF83CC20000DEC1 /* KVOsirisDataController.swift in Sources */,
				387DEE761F1E837800578AE3 /* KVVendorDetailViewController.swift in Sources */,
				38233C3A1EF83C250000DEC1 /* KVAbstractDataController.swift in Sources */,
				38DFA19A1EF9A51C00954CCF /* KVVendorDataController.swift in Sources */,
				387DEE741F1E831D00578AE3 /* KVSessionDetailViewController.swift in Sources */,
				387DEE721F1E82FD00578AE3 /* KVPersonDetailViewController.swift in Sources */,
				38233C281EF837F80000DEC1 /* KVDetailViewController.swift in Sources */,
			);
			runOnlyForDeploymentPostprocessing = 0;
		};
		3806F9871EF031A50070B103 /* Sources */ = {
			isa = PBXSourcesBuildPhase;
			buildActionMask = 2147483647;
			files = (
				3806F9901EF031A50070B103 /* OsirisTests.swift in Sources */,
			);
			runOnlyForDeploymentPostprocessing = 0;
		};
		3806F9921EF031A50070B103 /* Sources */ = {
			isa = PBXSourcesBuildPhase;
			buildActionMask = 2147483647;
			files = (
				3806F99B1EF031A50070B103 /* OsirisUITests.swift in Sources */,
			);
			runOnlyForDeploymentPostprocessing = 0;
		};
/* End PBXSourcesBuildPhase section */

/* Begin PBXTargetDependency section */
		3806F98D1EF031A50070B103 /* PBXTargetDependency */ = {
			isa = PBXTargetDependency;
			target = 3806F9741EF031A50070B103 /* Osiris */;
			targetProxy = 3806F98C1EF031A50070B103 /* PBXContainerItemProxy */;
		};
		3806F9981EF031A50070B103 /* PBXTargetDependency */ = {
			isa = PBXTargetDependency;
			target = 3806F9741EF031A50070B103 /* Osiris */;
			targetProxy = 3806F9971EF031A50070B103 /* PBXContainerItemProxy */;
		};
/* End PBXTargetDependency section */

/* Begin PBXVariantGroup section */
		3806F97E1EF031A50070B103 /* Main.storyboard */ = {
			isa = PBXVariantGroup;
			children = (
				3806F97F1EF031A50070B103 /* Base */,
			);
			name = Main.storyboard;
			sourceTree = "<group>";
		};
		3806F9831EF031A50070B103 /* LaunchScreen.storyboard */ = {
			isa = PBXVariantGroup;
			children = (
				3806F9841EF031A50070B103 /* Base */,
			);
			name = LaunchScreen.storyboard;
			sourceTree = "<group>";
		};
/* End PBXVariantGroup section */

/* Begin XCBuildConfiguration section */
		3806F99D1EF031A50070B103 /* Debug */ = {
			isa = XCBuildConfiguration;
			buildSettings = {
				ALWAYS_SEARCH_USER_PATHS = NO;
				CLANG_ANALYZER_NONNULL = YES;
				CLANG_ANALYZER_NUMBER_OBJECT_CONVERSION = YES_AGGRESSIVE;
				CLANG_CXX_LANGUAGE_STANDARD = "gnu++0x";
				CLANG_CXX_LIBRARY = "libc++";
				CLANG_ENABLE_MODULES = YES;
				CLANG_ENABLE_OBJC_ARC = YES;
				CLANG_WARN_BOOL_CONVERSION = YES;
				CLANG_WARN_CONSTANT_CONVERSION = YES;
				CLANG_WARN_DIRECT_OBJC_ISA_USAGE = YES_ERROR;
				CLANG_WARN_DOCUMENTATION_COMMENTS = YES;
				CLANG_WARN_EMPTY_BODY = YES;
				CLANG_WARN_ENUM_CONVERSION = YES;
				CLANG_WARN_INFINITE_RECURSION = YES;
				CLANG_WARN_INT_CONVERSION = YES;
				CLANG_WARN_OBJC_ROOT_CLASS = YES_ERROR;
				CLANG_WARN_SUSPICIOUS_MOVE = YES;
				CLANG_WARN_UNREACHABLE_CODE = YES;
				CLANG_WARN__DUPLICATE_METHOD_MATCH = YES;
				"CODE_SIGN_IDENTITY[sdk=iphoneos*]" = "iPhone Developer";
				COPY_PHASE_STRIP = NO;
				DEBUG_INFORMATION_FORMAT = dwarf;
				ENABLE_STRICT_OBJC_MSGSEND = YES;
				ENABLE_TESTABILITY = YES;
				GCC_C_LANGUAGE_STANDARD = gnu99;
				GCC_DYNAMIC_NO_PIC = NO;
				GCC_NO_COMMON_BLOCKS = YES;
				GCC_OPTIMIZATION_LEVEL = 0;
				GCC_PREPROCESSOR_DEFINITIONS = (
					"DEBUG=1",
					"$(inherited)",
				);
				GCC_WARN_64_TO_32_BIT_CONVERSION = YES;
				GCC_WARN_ABOUT_RETURN_TYPE = YES_ERROR;
				GCC_WARN_UNDECLARED_SELECTOR = YES;
				GCC_WARN_UNINITIALIZED_AUTOS = YES_AGGRESSIVE;
				GCC_WARN_UNUSED_FUNCTION = YES;
				GCC_WARN_UNUSED_VARIABLE = YES;
				IPHONEOS_DEPLOYMENT_TARGET = 10.3;
				MTL_ENABLE_DEBUG_INFO = YES;
				ONLY_ACTIVE_ARCH = YES;
				SDKROOT = iphoneos;
				SWIFT_ACTIVE_COMPILATION_CONDITIONS = DEBUG;
				SWIFT_OPTIMIZATION_LEVEL = "-Onone";
				TARGETED_DEVICE_FAMILY = "1,2";
			};
			name = Debug;
		};
		3806F99E1EF031A50070B103 /* Release */ = {
			isa = XCBuildConfiguration;
			buildSettings = {
				ALWAYS_SEARCH_USER_PATHS = NO;
				CLANG_ANALYZER_NONNULL = YES;
				CLANG_ANALYZER_NUMBER_OBJECT_CONVERSION = YES_AGGRESSIVE;
				CLANG_CXX_LANGUAGE_STANDARD = "gnu++0x";
				CLANG_CXX_LIBRARY = "libc++";
				CLANG_ENABLE_MODULES = YES;
				CLANG_ENABLE_OBJC_ARC = YES;
				CLANG_WARN_BOOL_CONVERSION = YES;
				CLANG_WARN_CONSTANT_CONVERSION = YES;
				CLANG_WARN_DIRECT_OBJC_ISA_USAGE = YES_ERROR;
				CLANG_WARN_DOCUMENTATION_COMMENTS = YES;
				CLANG_WARN_EMPTY_BODY = YES;
				CLANG_WARN_ENUM_CONVERSION = YES;
				CLANG_WARN_INFINITE_RECURSION = YES;
				CLANG_WARN_INT_CONVERSION = YES;
				CLANG_WARN_OBJC_ROOT_CLASS = YES_ERROR;
				CLANG_WARN_SUSPICIOUS_MOVE = YES;
				CLANG_WARN_UNREACHABLE_CODE = YES;
				CLANG_WARN__DUPLICATE_METHOD_MATCH = YES;
				"CODE_SIGN_IDENTITY[sdk=iphoneos*]" = "iPhone Developer";
				COPY_PHASE_STRIP = NO;
				DEBUG_INFORMATION_FORMAT = "dwarf-with-dsym";
				ENABLE_NS_ASSERTIONS = NO;
				ENABLE_STRICT_OBJC_MSGSEND = YES;
				GCC_C_LANGUAGE_STANDARD = gnu99;
				GCC_NO_COMMON_BLOCKS = YES;
				GCC_WARN_64_TO_32_BIT_CONVERSION = YES;
				GCC_WARN_ABOUT_RETURN_TYPE = YES_ERROR;
				GCC_WARN_UNDECLARED_SELECTOR = YES;
				GCC_WARN_UNINITIALIZED_AUTOS = YES_AGGRESSIVE;
				GCC_WARN_UNUSED_FUNCTION = YES;
				GCC_WARN_UNUSED_VARIABLE = YES;
				IPHONEOS_DEPLOYMENT_TARGET = 10.3;
				MTL_ENABLE_DEBUG_INFO = NO;
				SDKROOT = iphoneos;
				SWIFT_OPTIMIZATION_LEVEL = "-Owholemodule";
				TARGETED_DEVICE_FAMILY = "1,2";
				VALIDATE_PRODUCT = YES;
			};
			name = Release;
		};
		3806F9A01EF031A50070B103 /* Debug */ = {
			isa = XCBuildConfiguration;
			buildSettings = {
				ASSETCATALOG_COMPILER_APPICON_NAME = AppIcon;
				DEVELOPMENT_TEAM = LQ75G5YK98;
				INFOPLIST_FILE = Osiris/Info.plist;
				LD_RUNPATH_SEARCH_PATHS = "$(inherited) @executable_path/Frameworks";
				PRODUCT_BUNDLE_IDENTIFIER = com.k3nV.Osiris;
				PRODUCT_NAME = "$(TARGET_NAME)";
				SWIFT_VERSION = 3.0;
			};
			name = Debug;
		};
		3806F9A11EF031A50070B103 /* Release */ = {
			isa = XCBuildConfiguration;
			buildSettings = {
				ASSETCATALOG_COMPILER_APPICON_NAME = AppIcon;
				DEVELOPMENT_TEAM = LQ75G5YK98;
				INFOPLIST_FILE = Osiris/Info.plist;
				LD_RUNPATH_SEARCH_PATHS = "$(inherited) @executable_path/Frameworks";
				PRODUCT_BUNDLE_IDENTIFIER = com.k3nV.Osiris;
				PRODUCT_NAME = "$(TARGET_NAME)";
				SWIFT_VERSION = 3.0;
			};
			name = Release;
		};
		3806F9A31EF031A50070B103 /* Debug */ = {
			isa = XCBuildConfiguration;
			buildSettings = {
				ALWAYS_EMBED_SWIFT_STANDARD_LIBRARIES = YES;
				BUNDLE_LOADER = "$(TEST_HOST)";
				DEVELOPMENT_TEAM = LQ75G5YK98;
				INFOPLIST_FILE = OsirisTests/Info.plist;
				LD_RUNPATH_SEARCH_PATHS = "$(inherited) @executable_path/Frameworks @loader_path/Frameworks";
				PRODUCT_BUNDLE_IDENTIFIER = com.k3nV.OsirisTests;
				PRODUCT_NAME = "$(TARGET_NAME)";
				SWIFT_VERSION = 3.0;
				TEST_HOST = "$(BUILT_PRODUCTS_DIR)/Osiris.app/Osiris";
			};
			name = Debug;
		};
		3806F9A41EF031A50070B103 /* Release */ = {
			isa = XCBuildConfiguration;
			buildSettings = {
				ALWAYS_EMBED_SWIFT_STANDARD_LIBRARIES = YES;
				BUNDLE_LOADER = "$(TEST_HOST)";
				DEVELOPMENT_TEAM = LQ75G5YK98;
				INFOPLIST_FILE = OsirisTests/Info.plist;
				LD_RUNPATH_SEARCH_PATHS = "$(inherited) @executable_path/Frameworks @loader_path/Frameworks";
				PRODUCT_BUNDLE_IDENTIFIER = com.k3nV.OsirisTests;
				PRODUCT_NAME = "$(TARGET_NAME)";
				SWIFT_VERSION = 3.0;
				TEST_HOST = "$(BUILT_PRODUCTS_DIR)/Osiris.app/Osiris";
			};
			name = Release;
		};
		3806F9A61EF031A50070B103 /* Debug */ = {
			isa = XCBuildConfiguration;
			buildSettings = {
				ALWAYS_EMBED_SWIFT_STANDARD_LIBRARIES = YES;
				DEVELOPMENT_TEAM = LQ75G5YK98;
				INFOPLIST_FILE = OsirisUITests/Info.plist;
				LD_RUNPATH_SEARCH_PATHS = "$(inherited) @executable_path/Frameworks @loader_path/Frameworks";
				PRODUCT_BUNDLE_IDENTIFIER = com.k3nV.OsirisUITests;
				PRODUCT_NAME = "$(TARGET_NAME)";
				SWIFT_VERSION = 3.0;
				TEST_TARGET_NAME = Osiris;
			};
			name = Debug;
		};
		3806F9A71EF031A50070B103 /* Release */ = {
			isa = XCBuildConfiguration;
			buildSettings = {
				ALWAYS_EMBED_SWIFT_STANDARD_LIBRARIES = YES;
				DEVELOPMENT_TEAM = LQ75G5YK98;
				INFOPLIST_FILE = OsirisUITests/Info.plist;
				LD_RUNPATH_SEARCH_PATHS = "$(inherited) @executable_path/Frameworks @loader_path/Frameworks";
				PRODUCT_BUNDLE_IDENTIFIER = com.k3nV.OsirisUITests;
				PRODUCT_NAME = "$(TARGET_NAME)";
				SWIFT_VERSION = 3.0;
				TEST_TARGET_NAME = Osiris;
			};
			name = Release;
		};
/* End XCBuildConfiguration section */

/* Begin XCConfigurationList section */
		3806F9701EF031A50070B103 /* Build configuration list for PBXProject "Osiris" */ = {
			isa = XCConfigurationList;
			buildConfigurations = (
				3806F99D1EF031A50070B103 /* Debug */,
				3806F99E1EF031A50070B103 /* Release */,
			);
			defaultConfigurationIsVisible = 0;
			defaultConfigurationName = Release;
		};
		3806F99F1EF031A50070B103 /* Build configuration list for PBXNativeTarget "Osiris" */ = {
			isa = XCConfigurationList;
			buildConfigurations = (
				3806F9A01EF031A50070B103 /* Debug */,
				3806F9A11EF031A50070B103 /* Release */,
			);
			defaultConfigurationIsVisible = 0;
			defaultConfigurationName = Release;
		};
		3806F9A21EF031A50070B103 /* Build configuration list for PBXNativeTarget "OsirisTests" */ = {
			isa = XCConfigurationList;
			buildConfigurations = (
				3806F9A31EF031A50070B103 /* Debug */,
				3806F9A41EF031A50070B103 /* Release */,
			);
			defaultConfigurationIsVisible = 0;
			defaultConfigurationName = Release;
		};
		3806F9A51EF031A50070B103 /* Build configuration list for PBXNativeTarget "OsirisUITests" */ = {
			isa = XCConfigurationList;
			buildConfigurations = (
				3806F9A61EF031A50070B103 /* Debug */,
				3806F9A71EF031A50070B103 /* Release */,
			);
			defaultConfigurationIsVisible = 0;
			defaultConfigurationName = Release;
		};
/* End XCConfigurationList section */

/* Begin XCVersionGroup section */
		3806F9AC1EF032470070B103 /* Osiris.xcdatamodeld */ = {
			isa = XCVersionGroup;
			children = (
				3806F9AD1EF032470070B103 /* Osiris.xcdatamodel */,
			);
			currentVersion = 3806F9AD1EF032470070B103 /* Osiris.xcdatamodel */;
			name = Osiris.xcdatamodeld;
			path = Data/Model/Osiris.xcdatamodeld;
			sourceTree = "<group>";
			versionGroupType = wrapper.xcdatamodel;
		};
/* End XCVersionGroup section */
	};
	rootObject = 3806F96D1EF031A50070B103 /* Project object */;
}
